
Microsoft Visual Studio Solution File, Format Version 12.00
# Visual Studio Version 17
VisualStudioVersion = 17.9.34728.123
MinimumVisualStudioVersion = 10.0.40219.1
Project("{FAE04EC0-301F-11D3-BF4B-00C04F79EFBC}") = "SSB.Service.Web", "SSB.Service.Web\SSB.Service.Web.csproj", "{F444F9DD-663A-4431-8223-1712E1FA33B5}"
EndProject
Project("{FAE04EC0-301F-11D3-BF4B-00C04F79EFBC}") = "SSB.Service.Core", "SSB.Service.Core\SSB.Service.Core.csproj", "{C5C87BAA-D3BD-4F89-9901-E0375315FAFE}"
EndProject
Project("{E24C65DC-7377-472B-9ABA-BC803B73C61A}") = "webservice", "..\webservice\webservice", "{6524A716-9312-4297-A01C-60C3DC7384D3}"
	ProjectSection(WebsiteProperties) = preProject
		SccProjectName = "SAK"
		SccAuxPath = "SAK"
		SccLocalPath = "SAK"
		SccProvider = "SAK"
		TargetFrameworkMoniker = ".NETFramework,Version%3Dv4.0"
		ProjectReferences = "{C5C87BAA-D3BD-4F89-9901-E0375315FAFE}|SSB.Service.Core.dll;{f444f9dd-663a-4431-8223-1712e1fa33b5}|SSB.Service.Web.dll;"
		Debug.AspNetCompiler.VirtualPath = "/webservice"
		Debug.AspNetCompiler.PhysicalPath = "..\Webservice\webservice\"
		Debug.AspNetCompiler.TargetPath = "PrecompiledWeb\webservice\"
		Debug.AspNetCompiler.Updateable = "true"
		Debug.AspNetCompiler.ForceOverwrite = "true"
		Debug.AspNetCompiler.FixedNames = "false"
		Debug.AspNetCompiler.Debug = "True"
		Release.AspNetCompiler.VirtualPath = "/webservice"
		Release.AspNetCompiler.PhysicalPath = "..\Webservice\webservice\"
		Release.AspNetCompiler.TargetPath = "PrecompiledWeb\webservice\"
		Release.AspNetCompiler.Updateable = "true"
		Release.AspNetCompiler.ForceOverwrite = "true"
		Release.AspNetCompiler.FixedNames = "false"
		Release.AspNetCompiler.Debug = "False"
		VWDPort = "1363"
		VWDDynamicPort = "false"
	EndProjectSection
	ProjectSection(WebsiteProperties) = preProject
		SccProjectName = "SAK"
		SccAuxPath = "SAK"
		SccLocalPath = "SAK"
		SccProvider = "SAK"
		TargetFrameworkMoniker = ".NETFramework,Version%3Dv4.0"
		ProjectReferences = "{C5C87BAA-D3BD-4F89-9901-E0375315FAFE}|SSB.Service.Core.dll;{f444f9dd-663a-4431-8223-1712e1fa33b5}|SSB.Service.Web.dll;"
		Debug.AspNetCompiler.VirtualPath = "/webservice"
		Debug.AspNetCompiler.PhysicalPath = "..\Webservice\webservice\"
		Debug.AspNetCompiler.TargetPath = "PrecompiledWeb\webservice\"
		Debug.AspNetCompiler.Updateable = "true"
		Debug.AspNetCompiler.ForceOverwrite = "true"
		Debug.AspNetCompiler.FixedNames = "false"
		Debug.AspNetCompiler.Debug = "True"
		Release.AspNetCompiler.VirtualPath = "/webservice"
		Release.AspNetCompiler.PhysicalPath = "..\Webservice\webservice\"
		Release.AspNetCompiler.TargetPath = "PrecompiledWeb\webservice\"
		Release.AspNetCompiler.Updateable = "true"
		Release.AspNetCompiler.ForceOverwrite = "true"
		Release.AspNetCompiler.FixedNames = "false"
		Release.AspNetCompiler.Debug = "False"
		VWDPort = "1363"
		VWDDynamicPort = "false"
		SlnRelativePath = "..\webservice\webservice\"
	EndProjectSection
EndProject
Project("{FAE04EC0-301F-11D3-BF4B-00C04F79EFBC}") = "SSB.Service.SSBApi", "SSB.Service.Api\SSB.Service.SSBApi.csproj", "{542ACA44-CF1E-45F4-9E7B-B64E879D083E}"
EndProject
Global
	GlobalSection(SolutionConfigurationPlatforms) = preSolution
		Debug|Any CPU = Debug|Any CPU
		Release|Any CPU = Release|Any CPU
	EndGlobalSection
	GlobalSection(ProjectConfigurationPlatforms) = postSolution
		{F444F9DD-663A-4431-8223-1712E1FA33B5}.Debug|Any CPU.ActiveCfg = Debug|Any CPU
		{F444F9DD-663A-4431-8223-1712E1FA33B5}.Debug|Any CPU.Build.0 = Debug|Any CPU
		{F444F9DD-663A-4431-8223-1712E1FA33B5}.Release|Any CPU.ActiveCfg = Release|Any CPU
		{F444F9DD-663A-4431-8223-1712E1FA33B5}.Release|Any CPU.Build.0 = Release|Any CPU
		{C5C87BAA-D3BD-4F89-9901-E0375315FAFE}.Debug|Any CPU.ActiveCfg = Debug|Any CPU
		{C5C87BAA-D3BD-4F89-9901-E0375315FAFE}.Debug|Any CPU.Build.0 = Debug|Any CPU
		{C5C87BAA-D3BD-4F89-9901-E0375315FAFE}.Release|Any CPU.ActiveCfg = Release|Any CPU
		{C5C87BAA-D3BD-4F89-9901-E0375315FAFE}.Release|Any CPU.Build.0 = Release|Any CPU
		{6524A716-9312-4297-A01C-60C3DC7384D3}.Debug|Any CPU.ActiveCfg = Debug|Any CPU
		{6524A716-9312-4297-A01C-60C3DC7384D3}.Debug|Any CPU.Build.0 = Debug|Any CPU
		{6524A716-9312-4297-A01C-60C3DC7384D3}.Release|Any CPU.ActiveCfg = Debug|Any CPU
		{6524A716-9312-4297-A01C-60C3DC7384D3}.Release|Any CPU.Build.0 = Debug|Any CPU
		{542ACA44-CF1E-45F4-9E7B-B64E879D083E}.Debug|Any CPU.ActiveCfg = Debug|Any CPU
		{542ACA44-CF1E-45F4-9E7B-B64E879D083E}.Debug|Any CPU.Build.0 = Debug|Any CPU
		{542ACA44-CF1E-45F4-9E7B-B64E879D083E}.Release|Any CPU.ActiveCfg = Release|Any CPU
		{542ACA44-CF1E-45F4-9E7B-B64E879D083E}.Release|Any CPU.Build.0 = Release|Any CPU
	EndGlobalSection
	GlobalSection(SolutionProperties) = preSolution
		HideSolutionNode = FALSE
	EndGlobalSection
	GlobalSection(ExtensibilityGlobals) = postSolution
		SolutionGuid = {A56DA227-F373-474E-9B9F-7DCAC22AFE6E}
	EndGlobalSection
	GlobalSection(TeamFoundationVersionControl) = preSolution
		SccNumberOfProjects = 4
		SccEnterpriseProvider = {4CA58AB2-18FA-4F8D-95D4-32DDF27D184C}
		SccTeamFoundationServer = http://ad:8080/tfs/defaultcollection
		SccLocalPath0 = .
		SccProjectUniqueName1 = SSB.Service.Core\\SSB.Service.Core.csproj
		SccProjectName1 = SSB.Service.Core
		SccLocalPath1 = SSB.Service.Core
		SccProjectUniqueName2 = SSB.Service.Web\\SSB.Service.Web.csproj
		SccProjectName2 = SSB.Service.Web
		SccLocalPath2 = SSB.Service.Web
		SccWebProject3 = true
		SccProjectUniqueName3 = ..\\webservice\\webservice
		SccProjectName3 = ../webservice/webservice
		SccLocalPath3 = ..\\webservice\\webservice
		SccProjectEnlistmentChoice3 = 2
	EndGlobalSection
EndGlobal
